
Microsoft Visual Studio Solution File, Format Version 12.00
# Visual Studio Version 16
VisualStudioVersion = 16.0.30717.126
MinimumVisualStudioVersion = 10.0.40219.1
Project("{9A19103F-16F7-4668-BE54-9A1E7A4F7556}") = "SourceGeneratorTest", "SourceGeneratorTest\SourceGeneratorTest.csproj", "{07CD8AC9-7389-444D-9F18-595C94C59E39}"
EndProject
Project("{9A19103F-16F7-4668-BE54-9A1E7A4F7556}") = "Generator", "Generator\Generator.csproj", "{72BBACC1-E762-4A73-AC00-84A12DCB3B16}"
EndProject
Project("{2150E333-8FDC-42A3-9474-1A3956D46DE8}") = "Solution Items", "Solution Items", "{9F644AFC-8379-407E-AC72-D0F6F29016CB}"
	ProjectSection(SolutionItems) = preProject
		.editorconfig = .editorconfig
		build.sh = build.sh
	EndProjectSection
EndProject
Project("{2150E333-8FDC-42A3-9474-1A3956D46DE8}") = "build", "build", "{1A2CBA0F-6421-4768-AEBD-C0FAB6C2AFFA}"
	ProjectSection(SolutionItems) = preProject
		build.sh = build.sh
		nuget.config = nuget.config
	EndProjectSection
EndProject
Project("{FAE04EC0-301F-11D3-BF4B-00C04F79EFBC}") = "SourceGeneratorTest.NuGet", "SourceGeneratorTest.NuGet\SourceGeneratorTest.NuGet.csproj", "{AF013E0D-1138-4402-9DC9-FC41F73FC90E}"
EndProject
Global
	GlobalSection(SolutionConfigurationPlatforms) = preSolution
		Debug|Any CPU = Debug|Any CPU
		Release|Any CPU = Release|Any CPU
	EndGlobalSection
	GlobalSection(ProjectConfigurationPlatforms) = postSolution
		{07CD8AC9-7389-444D-9F18-595C94C59E39}.Debug|Any CPU.ActiveCfg = Debug|Any CPU
		{07CD8AC9-7389-444D-9F18-595C94C59E39}.Debug|Any CPU.Build.0 = Debug|Any CPU
		{07CD8AC9-7389-444D-9F18-595C94C59E39}.Release|Any CPU.ActiveCfg = Release|Any CPU
		{07CD8AC9-7389-444D-9F18-595C94C59E39}.Release|Any CPU.Build.0 = Release|Any CPU
		{72BBACC1-E762-4A73-AC00-84A12DCB3B16}.Debug|Any CPU.ActiveCfg = Debug|Any CPU
		{72BBACC1-E762-4A73-AC00-84A12DCB3B16}.Debug|Any CPU.Build.0 = Debug|Any CPU
		{72BBACC1-E762-4A73-AC00-84A12DCB3B16}.Release|Any CPU.ActiveCfg = Release|Any CPU
		{72BBACC1-E762-4A73-AC00-84A12DCB3B16}.Release|Any CPU.Build.0 = Release|Any CPU
		{AF013E0D-1138-4402-9DC9-FC41F73FC90E}.Debug|Any CPU.ActiveCfg = Debug|Any CPU
		{AF013E0D-1138-4402-9DC9-FC41F73FC90E}.Debug|Any CPU.Build.0 = Debug|Any CPU
		{AF013E0D-1138-4402-9DC9-FC41F73FC90E}.Release|Any CPU.ActiveCfg = Release|Any CPU
		{AF013E0D-1138-4402-9DC9-FC41F73FC90E}.Release|Any CPU.Build.0 = Release|Any CPU
	EndGlobalSection
	GlobalSection(SolutionProperties) = preSolution
		HideSolutionNode = FALSE
	EndGlobalSection
	GlobalSection(ExtensibilityGlobals) = postSolution
		SolutionGuid = {66205FEC-CEF6-444E-9D04-98624740E3B1}
	EndGlobalSection
EndGlobal
